{
  "object": {
    "pins": [
      {
        "package": "Socket",
        "repositoryURL": "https://github.com/IBM-Swift/BlueSocket.git",
        "state": {
          "branch": null,
          "revision": "36561e7722f26151b8a6ba4b4bb96fd9b3f36980",
          "version": "1.0.4"
        }
      },
      {
        "package": "SSLService",
        "repositoryURL": "https://github.com/IBM-Swift/BlueSSLService.git",
        "state": {
          "branch": null,
          "revision": "4759df40007b50d087c6513f844c36b243415296",
          "version": "1.0.4"
        }
      },
      {
        "package": "CCurl",
        "repositoryURL": "https://github.com/IBM-Swift/CCurl.git",
        "state": {
          "branch": null,
          "revision": "2a431e3a5fb8d004aa7d4d1bebb5d511f568c43e",
          "version": "1.0.0"
        }
      },
      {
        "package": "Health",
        "repositoryURL": "https://github.com/IBM-Swift/Health.git",
        "state": {
          "branch": null,
          "revision": "8b745a15ee05fb5cdb1a07a210b3cb175459c78e",
          "version": "1.0.1"
        }
      },
      {
        "package": "Kitura",
        "repositoryURL": "https://github.com/IBM-Swift/Kitura.git",
        "state": {
          "branch": null,
          "revision": "55c2937de7d2d766082a5af63f28325dea6473fa",
          "version": "2.3.0"
        }
      },
      {
        "package": "KituraCORS",
        "repositoryURL": "https://github.com/IBM-Swift/Kitura-CORS",
        "state": {
          "branch": null,
          "revision": "534734a0b0c0ddf56adfed0715e45a57bd97d1a3",
          "version": "2.1.0"
        }
      },
      {
        "package": "Kitura-net",
        "repositoryURL": "https://github.com/IBM-Swift/Kitura-net.git",
        "state": {
          "branch": null,
          "revision": "755c39febb661d5da85e1ec9fcf98721c420af0a",
          "version": "2.1.0"
        }
      },
      {
        "package": "Kitura-TemplateEngine",
        "repositoryURL": "https://github.com/IBM-Swift/Kitura-TemplateEngine.git",
        "state": {
          "branch": null,
          "revision": "d43155da4dadd91c1d34d76e317571dc54655594",
          "version": "1.7.4"
        }
      },
      {
        "package": "KituraContracts",
        "repositoryURL": "https://github.com/IBM-Swift/KituraContracts.git",
        "state": {
          "branch": null,
          "revision": "de85c1a28bb379cd423f5a17eb651222112d2c3e",
          "version": "0.0.22"
        }
      },
      {
        "package": "LoggerAPI",
        "repositoryURL": "https://github.com/IBM-Swift/LoggerAPI.git",
        "state": {
          "branch": null,
          "revision": "5041f2673aa75d6e973d9b6bd3956bc5068387c8",
          "version": "1.7.3"
        }
      }
    ]
  },
  "version": 1
}
